
Microsoft Visual Studio Solution File, Format Version 12.00
# Visual Studio Version 17
VisualStudioVersion = 17.0.31903.59
MinimumVisualStudioVersion = 10.0.40219.1
Project("{2150E333-8FDC-42A3-9474-1A3956D46DE8}") = "src", "src", "{C87BC050-B2F9-4A24-9966-3C41FD9F5CB8}"
EndProject
Project("{FAE04EC0-301F-11D3-BF4B-00C04F79EFBC}") = "PrismaPrimeInvest.Api", "src\PrismaPrimeInvest.Api\PrismaPrimeInvest.Api.csproj", "{BD22CB7C-B4DD-4A7C-9A47-B404577A62B1}"
EndProject
Project("{FAE04EC0-301F-11D3-BF4B-00C04F79EFBC}") = "PrismaPrimeInvest.Application", "src\PrismaPrimeInvest.Application\PrismaPrimeInvest.Application.csproj", "{19A3C23A-41BD-4244-99F5-130D9CAF9128}"
EndProject
Project("{FAE04EC0-301F-11D3-BF4B-00C04F79EFBC}") = "PrismaPrimeInvest.Domain", "src\PrismaPrimeInvest.Domain\PrismaPrimeInvest.Domain.csproj", "{E468BFF0-467B-4E1C-AC89-17861C0B88D1}"
EndProject
Project("{FAE04EC0-301F-11D3-BF4B-00C04F79EFBC}") = "PrismaPrimeInvest.Infra.Data", "src\PrismaPrimeInvest.Infra.Data\PrismaPrimeInvest.Infra.Data.csproj", "{63DE63C8-D739-49F1-94ED-10193F844235}"
EndProject
Project("{FAE04EC0-301F-11D3-BF4B-00C04F79EFBC}") = "PrismaPrimeInvest.Infra.IoC", "src\PrismaPrimeInvest.Infra.IoC\PrismaPrimeInvest.Infra.IoC.csproj", "{94AC63B0-DF32-487A-91AD-F9139394BCC8}"
EndProject
Global
	GlobalSection(SolutionConfigurationPlatforms) = preSolution
		Debug|Any CPU = Debug|Any CPU
		Release|Any CPU = Release|Any CPU
	EndGlobalSection
	GlobalSection(SolutionProperties) = preSolution
		HideSolutionNode = FALSE
	EndGlobalSection
	GlobalSection(ProjectConfigurationPlatforms) = postSolution
		{BD22CB7C-B4DD-4A7C-9A47-B404577A62B1}.Debug|Any CPU.ActiveCfg = Debug|Any CPU
		{BD22CB7C-B4DD-4A7C-9A47-B404577A62B1}.Debug|Any CPU.Build.0 = Debug|Any CPU
		{BD22CB7C-B4DD-4A7C-9A47-B404577A62B1}.Release|Any CPU.ActiveCfg = Release|Any CPU
		{BD22CB7C-B4DD-4A7C-9A47-B404577A62B1}.Release|Any CPU.Build.0 = Release|Any CPU
		{19A3C23A-41BD-4244-99F5-130D9CAF9128}.Debug|Any CPU.ActiveCfg = Debug|Any CPU
		{19A3C23A-41BD-4244-99F5-130D9CAF9128}.Debug|Any CPU.Build.0 = Debug|Any CPU
		{19A3C23A-41BD-4244-99F5-130D9CAF9128}.Release|Any CPU.ActiveCfg = Release|Any CPU
		{19A3C23A-41BD-4244-99F5-130D9CAF9128}.Release|Any CPU.Build.0 = Release|Any CPU
		{E468BFF0-467B-4E1C-AC89-17861C0B88D1}.Debug|Any CPU.ActiveCfg = Debug|Any CPU
		{E468BFF0-467B-4E1C-AC89-17861C0B88D1}.Debug|Any CPU.Build.0 = Debug|Any CPU
		{E468BFF0-467B-4E1C-AC89-17861C0B88D1}.Release|Any CPU.ActiveCfg = Release|Any CPU
		{E468BFF0-467B-4E1C-AC89-17861C0B88D1}.Release|Any CPU.Build.0 = Release|Any CPU
		{63DE63C8-D739-49F1-94ED-10193F844235}.Debug|Any CPU.ActiveCfg = Debug|Any CPU
		{63DE63C8-D739-49F1-94ED-10193F844235}.Debug|Any CPU.Build.0 = Debug|Any CPU
		{63DE63C8-D739-49F1-94ED-10193F844235}.Release|Any CPU.ActiveCfg = Release|Any CPU
		{63DE63C8-D739-49F1-94ED-10193F844235}.Release|Any CPU.Build.0 = Release|Any CPU
		{94AC63B0-DF32-487A-91AD-F9139394BCC8}.Debug|Any CPU.ActiveCfg = Debug|Any CPU
		{94AC63B0-DF32-487A-91AD-F9139394BCC8}.Debug|Any CPU.Build.0 = Debug|Any CPU
		{94AC63B0-DF32-487A-91AD-F9139394BCC8}.Release|Any CPU.ActiveCfg = Release|Any CPU
		{94AC63B0-DF32-487A-91AD-F9139394BCC8}.Release|Any CPU.Build.0 = Release|Any CPU
	EndGlobalSection
	GlobalSection(NestedProjects) = preSolution
		{BD22CB7C-B4DD-4A7C-9A47-B404577A62B1} = {C87BC050-B2F9-4A24-9966-3C41FD9F5CB8}
		{19A3C23A-41BD-4244-99F5-130D9CAF9128} = {C87BC050-B2F9-4A24-9966-3C41FD9F5CB8}
		{E468BFF0-467B-4E1C-AC89-17861C0B88D1} = {C87BC050-B2F9-4A24-9966-3C41FD9F5CB8}
		{63DE63C8-D739-49F1-94ED-10193F844235} = {C87BC050-B2F9-4A24-9966-3C41FD9F5CB8}
		{94AC63B0-DF32-487A-91AD-F9139394BCC8} = {C87BC050-B2F9-4A24-9966-3C41FD9F5CB8}
	EndGlobalSection
EndGlobal
